// !$*UTF8*$!
{
	archiveVersion = 1;
	classes = {
	};
	objectVersion = 56;
	objects = {

/* Begin PBXBuildFile section */
		E767D5AF29112C91004FB752 /* AppDelegate.swift in Sources */ = {isa = PBXBuildFile; fileRef = E767D5AE29112C91004FB752 /* AppDelegate.swift */; };
		E767D5B129112C91004FB752 /* SceneDelegate.swift in Sources */ = {isa = PBXBuildFile; fileRef = E767D5B029112C91004FB752 /* SceneDelegate.swift */; };
		E767D5B329112C91004FB752 /* ViewController.swift in Sources */ = {isa = PBXBuildFile; fileRef = E767D5B229112C91004FB752 /* ViewController.swift */; };
		E767D5B629112C91004FB752 /* Main.storyboard in Resources */ = {isa = PBXBuildFile; fileRef = E767D5B429112C91004FB752 /* Main.storyboard */; };
		E767D5B829112C93004FB752 /* Assets.xcassets in Resources */ = {isa = PBXBuildFile; fileRef = E767D5B729112C93004FB752 /* Assets.xcassets */; };
		E767D5BB29112C93004FB752 /* LaunchScreen.storyboard in Resources */ = {isa = PBXBuildFile; fileRef = E767D5B929112C93004FB752 /* LaunchScreen.storyboard */; };
		E767D5C629112C94004FB752 /* ApiTestTests.swift in Sources */ = {isa = PBXBuildFile; fileRef = E767D5C529112C94004FB752 /* ApiTestTests.swift */; };
		E767D5D029112C94004FB752 /* ApiTestUITests.swift in Sources */ = {isa = PBXBuildFile; fileRef = E767D5CF29112C94004FB752 /* ApiTestUITests.swift */; };
		E767D5D229112C94004FB752 /* ApiTestUITestsLaunchTests.swift in Sources */ = {isa = PBXBuildFile; fileRef = E767D5D129112C94004FB752 /* ApiTestUITestsLaunchTests.swift */; };
/* End PBXBuildFile section */

/* Begin PBXContainerItemProxy section */
		E767D5C229112C94004FB752 /* PBXContainerItemProxy */ = {
			isa = PBXContainerItemProxy;
			containerPortal = E767D5A329112C91004FB752 /* Project object */;
			proxyType = 1;
			remoteGlobalIDString = E767D5AA29112C91004FB752;
			remoteInfo = ApiTest;
		};
		E767D5CC29112C94004FB752 /* PBXContainerItemProxy */ = {
			isa = PBXContainerItemProxy;
			containerPortal = E767D5A329112C91004FB752 /* Project object */;
			proxyType = 1;
			remoteGlobalIDString = E767D5AA29112C91004FB752;
			remoteInfo = ApiTest;
		};
/* End PBXContainerItemProxy section */

/* Begin PBXFileReference section */
		E767D5AB29112C91004FB752 /* ApiTest.app */ = {isa = PBXFileReference; explicitFileType = wrapper.application; includeInIndex = 0; path = ApiTest.app; sourceTree = BUILT_PRODUCTS_DIR; };
		E767D5AE29112C91004FB752 /* AppDelegate.swift */ = {isa = PBXFileReference; lastKnownFileType = sourcecode.swift; path = AppDelegate.swift; sourceTree = "<group>"; };
		E767D5B029112C91004FB752 /* SceneDelegate.swift */ = {isa = PBXFileReference; lastKnownFileType = sourcecode.swift; path = SceneDelegate.swift; sourceTree = "<group>"; };
		E767D5B229112C91004FB752 /* ViewController.swift */ = {isa = PBXFileReference; lastKnownFileType = sourcecode.swift; path = ViewController.swift; sourceTree = "<group>"; };
		E767D5B529112C91004FB752 /* Base */ = {isa = PBXFileReference; lastKnownFileType = file.storyboard; name = Base; path = Base.lproj/Main.storyboard; sourceTree = "<group>"; };
		E767D5B729112C93004FB752 /* Assets.xcassets */ = {isa = PBXFileReference; lastKnownFileType = folder.assetcatalog; path = Assets.xcassets; sourceTree = "<group>"; };
		E767D5BA29112C93004FB752 /* Base */ = {isa = PBXFileReference; lastKnownFileType = file.storyboard; name = Base; path = Base.lproj/LaunchScreen.storyboard; sourceTree = "<group>"; };
		E767D5BC29112C93004FB752 /* Info.plist */ = {isa = PBXFileReference; lastKnownFileType = text.plist.xml; path = Info.plist; sourceTree = "<group>"; };
		E767D5C129112C94004FB752 /* ApiTestTests.xctest */ = {isa = PBXFileReference; explicitFileType = wrapper.cfbundle; includeInIndex = 0; path = ApiTestTests.xctest; sourceTree = BUILT_PRODUCTS_DIR; };
		E767D5C529112C94004FB752 /* ApiTestTests.swift */ = {isa = PBXFileReference; lastKnownFileType = sourcecode.swift; path = ApiTestTests.swift; sourceTree = "<group>"; };
		E767D5CB29112C94004FB752 /* ApiTestUITests.xctest */ = {isa = PBXFileReference; explicitFileType = wrapper.cfbundle; includeInIndex = 0; path = ApiTestUITests.xctest; sourceTree = BUILT_PRODUCTS_DIR; };
		E767D5CF29112C94004FB752 /* ApiTestUITests.swift */ = {isa = PBXFileReference; lastKnownFileType = sourcecode.swift; path = ApiTestUITests.swift; sourceTree = "<group>"; };
		E767D5D129112C94004FB752 /* ApiTestUITestsLaunchTests.swift */ = {isa = PBXFileReference; lastKnownFileType = sourcecode.swift; path = ApiTestUITestsLaunchTests.swift; sourceTree = "<group>"; };
/* End PBXFileReference section */

/* Begin PBXFrameworksBuildPhase section */
		E767D5A829112C91004FB752 /* Frameworks */ = {
			isa = PBXFrameworksBuildPhase;
			buildActionMask = 2147483647;
			files = (
			);
			runOnlyForDeploymentPostprocessing = 0;
		};
		E767D5BE29112C94004FB752 /* Frameworks */ = {
			isa = PBXFrameworksBuildPhase;
			buildActionMask = 2147483647;
			files = (
			);
			runOnlyForDeploymentPostprocessing = 0;
		};
		E767D5C829112C94004FB752 /* Frameworks */ = {
			isa = PBXFrameworksBuildPhase;
			buildActionMask = 2147483647;
			files = (
			);
			runOnlyForDeploymentPostprocessing = 0;
		};
/* End PBXFrameworksBuildPhase section */

/* Begin PBXGroup section */
		E767D5A229112C91004FB752 = {
			isa = PBXGroup;
			children = (
				E767D5AD29112C91004FB752 /* ApiTest */,
				E767D5C429112C94004FB752 /* ApiTestTests */,
				E767D5CE29112C94004FB752 /* ApiTestUITests */,
				E767D5AC29112C91004FB752 /* Products */,
			);
			sourceTree = "<group>";
		};
		E767D5AC29112C91004FB752 /* Products */ = {
			isa = PBXGroup;
			children = (
				E767D5AB29112C91004FB752 /* ApiTest.app */,
				E767D5C129112C94004FB752 /* ApiTestTests.xctest */,
				E767D5CB29112C94004FB752 /* ApiTestUITests.xctest */,
			);
			name = Products;
			sourceTree = "<group>";
		};
		E767D5AD29112C91004FB752 /* ApiTest */ = {
			isa = PBXGroup;
			children = (
				E767D5AE29112C91004FB752 /* AppDelegate.swift */,
				E767D5B029112C91004FB752 /* SceneDelegate.swift */,
				E767D5B229112C91004FB752 /* ViewController.swift */,
				E767D5B429112C91004FB752 /* Main.storyboard */,
				E767D5B729112C93004FB752 /* Assets.xcassets */,
				E767D5B929112C93004FB752 /* LaunchScreen.storyboard */,
				E767D5BC29112C93004FB752 /* Info.plist */,
			);
			path = ApiTest;
			sourceTree = "<group>";
		};
		E767D5C429112C94004FB752 /* ApiTestTests */ = {
			isa = PBXGroup;
			children = (
				E767D5C529112C94004FB752 /* ApiTestTests.swift */,
			);
			path = ApiTestTests;
			sourceTree = "<group>";
		};
		E767D5CE29112C94004FB752 /* ApiTestUITests */ = {
			isa = PBXGroup;
			children = (
				E767D5CF29112C94004FB752 /* ApiTestUITests.swift */,
				E767D5D129112C94004FB752 /* ApiTestUITestsLaunchTests.swift */,
			);
			path = ApiTestUITests;
			sourceTree = "<group>";
		};
/* End PBXGroup section */

/* Begin PBXNativeTarget section */
		E767D5AA29112C91004FB752 /* ApiTest */ = {
			isa = PBXNativeTarget;
			buildConfigurationList = E767D5D529112C94004FB752 /* Build configuration list for PBXNativeTarget "ApiTest" */;
			buildPhases = (
				E767D5A729112C91004FB752 /* Sources */,
				E767D5A829112C91004FB752 /* Frameworks */,
				E767D5A929112C91004FB752 /* Resources */,
			);
			buildRules = (
			);
			dependencies = (
			);
			name = ApiTest;
			productName = ApiTest;
			productReference = E767D5AB29112C91004FB752 /* ApiTest.app */;
			productType = "com.apple.product-type.application";
		};
		E767D5C029112C94004FB752 /* ApiTestTests */ = {
			isa = PBXNativeTarget;
			buildConfigurationList = E767D5D829112C94004FB752 /* Build configuration list for PBXNativeTarget "ApiTestTests" */;
			buildPhases = (
				E767D5BD29112C94004FB752 /* Sources */,
				E767D5BE29112C94004FB752 /* Frameworks */,
				E767D5BF29112C94004FB752 /* Resources */,
			);
			buildRules = (
			);
			dependencies = (
				E767D5C329112C94004FB752 /* PBXTargetDependency */,
			);
			name = ApiTestTests;
			productName = ApiTestTests;
			productReference = E767D5C129112C94004FB752 /* ApiTestTests.xctest */;
			productType = "com.apple.product-type.bundle.unit-test";
		};
		E767D5CA29112C94004FB752 /* ApiTestUITests */ = {
			isa = PBXNativeTarget;
			buildConfigurationList = E767D5DB29112C94004FB752 /* Build configuration list for PBXNativeTarget "ApiTestUITests" */;
			buildPhases = (
				E767D5C729112C94004FB752 /* Sources */,
				E767D5C829112C94004FB752 /* Frameworks */,
				E767D5C929112C94004FB752 /* Resources */,
			);
			buildRules = (
			);
			dependencies = (
				E767D5CD29112C94004FB752 /* PBXTargetDependency */,
			);
			name = ApiTestUITests;
			productName = ApiTestUITests;
			productReference = E767D5CB29112C94004FB752 /* ApiTestUITests.xctest */;
			productType = "com.apple.product-type.bundle.ui-testing";
		};
/* End PBXNativeTarget section */

/* Begin PBXProject section */
		E767D5A329112C91004FB752 /* Project object */ = {
			isa = PBXProject;
			attributes = {
				BuildIndependentTargetsInParallel = 1;
				LastSwiftUpdateCheck = 1400;
				LastUpgradeCheck = 1400;
				TargetAttributes = {
					E767D5AA29112C91004FB752 = {
						CreatedOnToolsVersion = 14.0.1;
					};
					E767D5C029112C94004FB752 = {
						CreatedOnToolsVersion = 14.0.1;
						TestTargetID = E767D5AA29112C91004FB752;
					};
					E767D5CA29112C94004FB752 = {
						CreatedOnToolsVersion = 14.0.1;
						TestTargetID = E767D5AA29112C91004FB752;
					};
				};
			};
			buildConfigurationList = E767D5A629112C91004FB752 /* Build configuration list for PBXProject "ApiTest" */;
			compatibilityVersion = "Xcode 14.0";
			developmentRegion = en;
			hasScannedForEncodings = 0;
			knownRegions = (
				en,
				Base,
			);
			mainGroup = E767D5A229112C91004FB752;
			productRefGroup = E767D5AC29112C91004FB752 /* Products */;
			projectDirPath = "";
			projectRoot = "";
			targets = (
				E767D5AA29112C91004FB752 /* ApiTest */,
				E767D5C029112C94004FB752 /* ApiTestTests */,
				E767D5CA29112C94004FB752 /* ApiTestUITests */,
			);
		};
/* End PBXProject section */

/* Begin PBXResourcesBuildPhase section */
		E767D5A929112C91004FB752 /* Resources */ = {
			isa = PBXResourcesBuildPhase;
			buildActionMask = 2147483647;
			files = (
				E767D5BB29112C93004FB752 /* LaunchScreen.storyboard in Resources */,
				E767D5B829112C93004FB752 /* Assets.xcassets in Resources */,
				E767D5B629112C91004FB752 /* Main.storyboard in Resources */,
			);
			runOnlyForDeploymentPostprocessing = 0;
		};
		E767D5BF29112C94004FB752 /* Resources */ = {
			isa = PBXResourcesBuildPhase;
			buildActionMask = 2147483647;
			files = (
			);
			runOnlyForDeploymentPostprocessing = 0;
		};
		E767D5C929112C94004FB752 /* Resources */ = {
			isa = PBXResourcesBuildPhase;
			buildActionMask = 2147483647;
			files = (
			);
			runOnlyForDeploymentPostprocessing = 0;
		};
/* End PBXResourcesBuildPhase section */

/* Begin PBXSourcesBuildPhase section */
		E767D5A729112C91004FB752 /* Sources */ = {
			isa = PBXSourcesBuildPhase;
			buildActionMask = 2147483647;
			files = (
				E767D5B329112C91004FB752 /* ViewController.swift in Sources */,
				E767D5AF29112C91004FB752 /* AppDelegate.swift in Sources */,
				E767D5B129112C91004FB752 /* SceneDelegate.swift in Sources */,
			);
			runOnlyForDeploymentPostprocessing = 0;
		};
		E767D5BD29112C94004FB752 /* Sources */ = {
			isa = PBXSourcesBuildPhase;
			buildActionMask = 2147483647;
			files = (
				E767D5C629112C94004FB752 /* ApiTestTests.swift in Sources */,
			);
			runOnlyForDeploymentPostprocessing = 0;
		};
		E767D5C729112C94004FB752 /* Sources */ = {
			isa = PBXSourcesBuildPhase;
			buildActionMask = 2147483647;
			files = (
				E767D5D029112C94004FB752 /* ApiTestUITests.swift in Sources */,
				E767D5D229112C94004FB752 /* ApiTestUITestsLaunchTests.swift in Sources */,
			);
			runOnlyForDeploymentPostprocessing = 0;
		};
/* End PBXSourcesBuildPhase section */

/* Begin PBXTargetDependency section */
		E767D5C329112C94004FB752 /* PBXTargetDependency */ = {
			isa = PBXTargetDependency;
			target = E767D5AA29112C91004FB752 /* ApiTest */;
			targetProxy = E767D5C229112C94004FB752 /* PBXContainerItemProxy */;
		};
		E767D5CD29112C94004FB752 /* PBXTargetDependency */ = {
			isa = PBXTargetDependency;
			target = E767D5AA29112C91004FB752 /* ApiTest */;
			targetProxy = E767D5CC29112C94004FB752 /* PBXContainerItemProxy */;
		};
/* End PBXTargetDependency section */

/* Begin PBXVariantGroup section */
		E767D5B429112C91004FB752 /* Main.storyboard */ = {
			isa = PBXVariantGroup;
			children = (
				E767D5B529112C91004FB752 /* Base */,
			);
			name = Main.storyboard;
			sourceTree = "<group>";
		};
		E767D5B929112C93004FB752 /* LaunchScreen.storyboard */ = {
			isa = PBXVariantGroup;
			children = (
				E767D5BA29112C93004FB752 /* Base */,
			);
			name = LaunchScreen.storyboard;
			sourceTree = "<group>";
		};
/* End PBXVariantGroup section */

/* Begin XCBuildConfiguration section */
		E767D5D329112C94004FB752 /* Debug */ = {
			isa = XCBuildConfiguration;
			buildSettings = {
				ALWAYS_SEARCH_USER_PATHS = NO;
				CLANG_ANALYZER_NONNULL = YES;
				CLANG_ANALYZER_NUMBER_OBJECT_CONVERSION = YES_AGGRESSIVE;
				CLANG_CXX_LANGUAGE_STANDARD = "gnu++20";
				CLANG_ENABLE_MODULES = YES;
				CLANG_ENABLE_OBJC_ARC = YES;
				CLANG_ENABLE_OBJC_WEAK = YES;
				CLANG_WARN_BLOCK_CAPTURE_AUTORELEASING = YES;
				CLANG_WARN_BOOL_CONVERSION = YES;
				CLANG_WARN_COMMA = YES;
				CLANG_WARN_CONSTANT_CONVERSION = YES;
				CLANG_WARN_DEPRECATED_OBJC_IMPLEMENTATIONS = YES;
				CLANG_WARN_DIRECT_OBJC_ISA_USAGE = YES_ERROR;
				CLANG_WARN_DOCUMENTATION_COMMENTS = YES;
				CLANG_WARN_EMPTY_BODY = YES;
				CLANG_WARN_ENUM_CONVERSION = YES;
				CLANG_WARN_INFINITE_RECURSION = YES;
				CLANG_WARN_INT_CONVERSION = YES;
				CLANG_WARN_NON_LITERAL_NULL_CONVERSION = YES;
				CLANG_WARN_OBJC_IMPLICIT_RETAIN_SELF = YES;
				CLANG_WARN_OBJC_LITERAL_CONVERSION = YES;
				CLANG_WARN_OBJC_ROOT_CLASS = YES_ERROR;
				CLANG_WARN_QUOTED_INCLUDE_IN_FRAMEWORK_HEADER = YES;
				CLANG_WARN_RANGE_LOOP_ANALYSIS = YES;
				CLANG_WARN_STRICT_PROTOTYPES = YES;
				CLANG_WARN_SUSPICIOUS_MOVE = YES;
				CLANG_WARN_UNGUARDED_AVAILABILITY = YES_AGGRESSIVE;
				CLANG_WARN_UNREACHABLE_CODE = YES;
				CLANG_WARN__DUPLICATE_METHOD_MATCH = YES;
				COPY_PHASE_STRIP = NO;
				DEBUG_INFORMATION_FORMAT = dwarf;
				ENABLE_STRICT_OBJC_MSGSEND = YES;
				ENABLE_TESTABILITY = YES;
				GCC_C_LANGUAGE_STANDARD = gnu11;
				GCC_DYNAMIC_NO_PIC = NO;
				GCC_NO_COMMON_BLOCKS = YES;
				GCC_OPTIMIZATION_LEVEL = 0;
				GCC_PREPROCESSOR_DEFINITIONS = (
					"DEBUG=1",
					"$(inherited)",
				);
				GCC_WARN_64_TO_32_BIT_CONVERSION = YES;
				GCC_WARN_ABOUT_RETURN_TYPE = YES_ERROR;
				GCC_WARN_UNDECLARED_SELECTOR = YES;
				GCC_WARN_UNINITIALIZED_AUTOS = YES_AGGRESSIVE;
				GCC_WARN_UNUSED_FUNCTION = YES;
				GCC_WARN_UNUSED_VARIABLE = YES;
				IPHONEOS_DEPLOYMENT_TARGET = 16.0;
				MTL_ENABLE_DEBUG_INFO = INCLUDE_SOURCE;
				MTL_FAST_MATH = YES;
				ONLY_ACTIVE_ARCH = YES;
				SDKROOT = iphoneos;
				SWIFT_ACTIVE_COMPILATION_CONDITIONS = DEBUG;
				SWIFT_OPTIMIZATION_LEVEL = "-Onone";
			};
			name = Debug;
		};
		E767D5D429112C94004FB752 /* Release */ = {
			isa = XCBuildConfiguration;
			buildSettings = {
				ALWAYS_SEARCH_USER_PATHS = NO;
				CLANG_ANALYZER_NONNULL = YES;
				CLANG_ANALYZER_NUMBER_OBJECT_CONVERSION = YES_AGGRESSIVE;
				CLANG_CXX_LANGUAGE_STANDARD = "gnu++20";
				CLANG_ENABLE_MODULES = YES;
				CLANG_ENABLE_OBJC_ARC = YES;
				CLANG_ENABLE_OBJC_WEAK = YES;
				CLANG_WARN_BLOCK_CAPTURE_AUTORELEASING = YES;
				CLANG_WARN_BOOL_CONVERSION = YES;
				CLANG_WARN_COMMA = YES;
				CLANG_WARN_CONSTANT_CONVERSION = YES;
				CLANG_WARN_DEPRECATED_OBJC_IMPLEMENTATIONS = YES;
				CLANG_WARN_DIRECT_OBJC_ISA_USAGE = YES_ERROR;
				CLANG_WARN_DOCUMENTATION_COMMENTS = YES;
				CLANG_WARN_EMPTY_BODY = YES;
				CLANG_WARN_ENUM_CONVERSION = YES;
				CLANG_WARN_INFINITE_RECURSION = YES;
				CLANG_WARN_INT_CONVERSION = YES;
				CLANG_WARN_NON_LITERAL_NULL_CONVERSION = YES;
				CLANG_WARN_OBJC_IMPLICIT_RETAIN_SELF = YES;
				CLANG_WARN_OBJC_LITERAL_CONVERSION = YES;
				CLANG_WARN_OBJC_ROOT_CLASS = YES_ERROR;
				CLANG_WARN_QUOTED_INCLUDE_IN_FRAMEWORK_HEADER = YES;
				CLANG_WARN_RANGE_LOOP_ANALYSIS = YES;
				CLANG_WARN_STRICT_PROTOTYPES = YES;
				CLANG_WARN_SUSPICIOUS_MOVE = YES;
				CLANG_WARN_UNGUARDED_AVAILABILITY = YES_AGGRESSIVE;
				CLANG_WARN_UNREACHABLE_CODE = YES;
				CLANG_WARN__DUPLICATE_METHOD_MATCH = YES;
				COPY_PHASE_STRIP = NO;
				DEBUG_INFORMATION_FORMAT = "dwarf-with-dsym";
				ENABLE_NS_ASSERTIONS = NO;
				ENABLE_STRICT_OBJC_MSGSEND = YES;
				GCC_C_LANGUAGE_STANDARD = gnu11;
				GCC_NO_COMMON_BLOCKS = YES;
				GCC_WARN_64_TO_32_BIT_CONVERSION = YES;
				GCC_WARN_ABOUT_RETURN_TYPE = YES_ERROR;
				GCC_WARN_UNDECLARED_SELECTOR = YES;
				GCC_WARN_UNINITIALIZED_AUTOS = YES_AGGRESSIVE;
				GCC_WARN_UNUSED_FUNCTION = YES;
				GCC_WARN_UNUSED_VARIABLE = YES;
				IPHONEOS_DEPLOYMENT_TARGET = 16.0;
				MTL_ENABLE_DEBUG_INFO = NO;
				MTL_FAST_MATH = YES;
				SDKROOT = iphoneos;
				SWIFT_COMPILATION_MODE = wholemodule;
				SWIFT_OPTIMIZATION_LEVEL = "-O";
				VALIDATE_PRODUCT = YES;
			};
			name = Release;
		};
		E767D5D629112C94004FB752 /* Debug */ = {
			isa = XCBuildConfiguration;
			buildSettings = {
				ASSETCATALOG_COMPILER_APPICON_NAME = AppIcon;
				ASSETCATALOG_COMPILER_GLOBAL_ACCENT_COLOR_NAME = AccentColor;
				CODE_SIGN_STYLE = Automatic;
				CURRENT_PROJECT_VERSION = 1;
				GENERATE_INFOPLIST_FILE = YES;
				INFOPLIST_FILE = ApiTest/Info.plist;
				INFOPLIST_KEY_UIApplicationSupportsIndirectInputEvents = YES;
				INFOPLIST_KEY_UILaunchStoryboardName = LaunchScreen;
				INFOPLIST_KEY_UIMainStoryboardFile = Main;
				INFOPLIST_KEY_UISupportedInterfaceOrientations_iPad = "UIInterfaceOrientationPortrait UIInterfaceOrientationPortraitUpsideDown UIInterfaceOrientationLandscapeLeft UIInterfaceOrientationLandscapeRight";
				INFOPLIST_KEY_UISupportedInterfaceOrientations_iPhone = "UIInterfaceOrientationPortrait UIInterfaceOrientationLandscapeLeft UIInterfaceOrientationLandscapeRight";
				LD_RUNPATH_SEARCH_PATHS = (
					"$(inherited)",
					"@executable_path/Frameworks",
				);
				MARKETING_VERSION = 1.0;
				PRODUCT_BUNDLE_IDENTIFIER = my.company.ApiTest;
				PRODUCT_NAME = "$(TARGET_NAME)";
				SWIFT_EMIT_LOC_STRINGS = YES;
				SWIFT_VERSION = 5.0;
				TARGETED_DEVICE_FAMILY = "1,2";
			};
			name = Debug;
		};
		E767D5D729112C94004FB752 /* Release */ = {
			isa = XCBuildConfiguration;
			buildSettings = {
				ASSETCATALOG_COMPILER_APPICON_NAME = AppIcon;
				ASSETCATALOG_COMPILER_GLOBAL_ACCENT_COLOR_NAME = AccentColor;
				CODE_SIGN_STYLE = Automatic;
				CURRENT_PROJECT_VERSION = 1;
				GENERATE_INFOPLIST_FILE = YES;
				INFOPLIST_FILE = ApiTest/Info.plist;
				INFOPLIST_KEY_UIApplicationSupportsIndirectInputEvents = YES;
				INFOPLIST_KEY_UILaunchStoryboardName = LaunchScreen;
				INFOPLIST_KEY_UIMainStoryboardFile = Main;
				INFOPLIST_KEY_UISupportedInterfaceOrientations_iPad = "UIInterfaceOrientationPortrait UIInterfaceOrientationPortraitUpsideDown UIInterfaceOrientationLandscapeLeft UIInterfaceOrientationLandscapeRight";
				INFOPLIST_KEY_UISupportedInterfaceOrientations_iPhone = "UIInterfaceOrientationPortrait UIInterfaceOrientationLandscapeLeft UIInterfaceOrientationLandscapeRight";
				LD_RUNPATH_SEARCH_PATHS = (
					"$(inherited)",
					"@executable_path/Frameworks",
				);
				MARKETING_VERSION = 1.0;
				PRODUCT_BUNDLE_IDENTIFIER = my.company.ApiTest;
				PRODUCT_NAME = "$(TARGET_NAME)";
				SWIFT_EMIT_LOC_STRINGS = YES;
				SWIFT_VERSION = 5.0;
				TARGETED_DEVICE_FAMILY = "1,2";
			};
			name = Release;
		};
		E767D5D929112C94004FB752 /* Debug */ = {
			isa = XCBuildConfiguration;
			buildSettings = {
				ALWAYS_EMBED_SWIFT_STANDARD_LIBRARIES = YES;
				BUNDLE_LOADER = "$(TEST_HOST)";
				CODE_SIGN_STYLE = Automatic;
				CURRENT_PROJECT_VERSION = 1;
				GENERATE_INFOPLIST_FILE = YES;
				IPHONEOS_DEPLOYMENT_TARGET = 16.0;
				MARKETING_VERSION = 1.0;
				PRODUCT_BUNDLE_IDENTIFIER = my.company.ApiTestTests;
				PRODUCT_NAME = "$(TARGET_NAME)";
				SWIFT_EMIT_LOC_STRINGS = NO;
				SWIFT_VERSION = 5.0;
				TARGETED_DEVICE_FAMILY = "1,2";
				TEST_HOST = "$(BUILT_PRODUCTS_DIR)/ApiTest.app/$(BUNDLE_EXECUTABLE_FOLDER_PATH)/ApiTest";
			};
			name = Debug;
		};
		E767D5DA29112C94004FB752 /* Release */ = {
			isa = XCBuildConfiguration;
			buildSettings = {
				ALWAYS_EMBED_SWIFT_STANDARD_LIBRARIES = YES;
				BUNDLE_LOADER = "$(TEST_HOST)";
				CODE_SIGN_STYLE = Automatic;
				CURRENT_PROJECT_VERSION = 1;
				GENERATE_INFOPLIST_FILE = YES;
				IPHONEOS_DEPLOYMENT_TARGET = 16.0;
				MARKETING_VERSION = 1.0;
				PRODUCT_BUNDLE_IDENTIFIER = my.company.ApiTestTests;
				PRODUCT_NAME = "$(TARGET_NAME)";
				SWIFT_EMIT_LOC_STRINGS = NO;
				SWIFT_VERSION = 5.0;
				TARGETED_DEVICE_FAMILY = "1,2";
				TEST_HOST = "$(BUILT_PRODUCTS_DIR)/ApiTest.app/$(BUNDLE_EXECUTABLE_FOLDER_PATH)/ApiTest";
			};
			name = Release;
		};
		E767D5DC29112C94004FB752 /* Debug */ = {
			isa = XCBuildConfiguration;
			buildSettings = {
				ALWAYS_EMBED_SWIFT_STANDARD_LIBRARIES = YES;
				CODE_SIGN_STYLE = Automatic;
				CURRENT_PROJECT_VERSION = 1;
				GENERATE_INFOPLIST_FILE = YES;
				MARKETING_VERSION = 1.0;
				PRODUCT_BUNDLE_IDENTIFIER = my.company.ApiTestUITests;
				PRODUCT_NAME = "$(TARGET_NAME)";
				SWIFT_EMIT_LOC_STRINGS = NO;
				SWIFT_VERSION = 5.0;
				TARGETED_DEVICE_FAMILY = "1,2";
				TEST_TARGET_NAME = ApiTest;
			};
			name = Debug;
		};
		E767D5DD29112C94004FB752 /* Release */ = {
			isa = XCBuildConfiguration;
			buildSettings = {
				ALWAYS_EMBED_SWIFT_STANDARD_LIBRARIES = YES;
				CODE_SIGN_STYLE = Automatic;
				CURRENT_PROJECT_VERSION = 1;
				GENERATE_INFOPLIST_FILE = YES;
				MARKETING_VERSION = 1.0;
				PRODUCT_BUNDLE_IDENTIFIER = my.company.ApiTestUITests;
				PRODUCT_NAME = "$(TARGET_NAME)";
				SWIFT_EMIT_LOC_STRINGS = NO;
				SWIFT_VERSION = 5.0;
				TARGETED_DEVICE_FAMILY = "1,2";
				TEST_TARGET_NAME = ApiTest;
			};
			name = Release;
		};
/* End XCBuildConfiguration section */

/* Begin XCConfigurationList section */
		E767D5A629112C91004FB752 /* Build configuration list for PBXProject "ApiTest" */ = {
			isa = XCConfigurationList;
			buildConfigurations = (
				E767D5D329112C94004FB752 /* Debug */,
				E767D5D429112C94004FB752 /* Release */,
			);
			defaultConfigurationIsVisible = 0;
			defaultConfigurationName = Release;
		};
		E767D5D529112C94004FB752 /* Build configuration list for PBXNativeTarget "ApiTest" */ = {
			isa = XCConfigurationList;
			buildConfigurations = (
				E767D5D629112C94004FB752 /* Debug */,
				E767D5D729112C94004FB752 /* Release */,
			);
			defaultConfigurationIsVisible = 0;
			defaultConfigurationName = Release;
		};
		E767D5D829112C94004FB752 /* Build configuration list for PBXNativeTarget "ApiTestTests" */ = {
			isa = XCConfigurationList;
			buildConfigurations = (
				E767D5D929112C94004FB752 /* Debug */,
				E767D5DA29112C94004FB752 /* Release */,
			);
			defaultConfigurationIsVisible = 0;
			defaultConfigurationName = Release;
		};
		E767D5DB29112C94004FB752 /* Build configuration list for PBXNativeTarget "ApiTestUITests" */ = {
			isa = XCConfigurationList;
			buildConfigurations = (
				E767D5DC29112C94004FB752 /* Debug */,
				E767D5DD29112C94004FB752 /* Release */,
			);
			defaultConfigurationIsVisible = 0;
			defaultConfigurationName = Release;
		};
/* End XCConfigurationList section */
	};
	rootObject = E767D5A329112C91004FB752 /* Project object */;
}
